
Microsoft Visual Studio Solution File, Format Version 12.00
# Visual Studio Version 17
VisualStudioVersion = 17.4.33103.184
MinimumVisualStudioVersion = 10.0.40219.1
Project("{FAE04EC0-301F-11D3-BF4B-00C04F79EFBC}") = "LoggerWtihExceptions", "LoggerWtihExceptions\LoggerWtihExceptions.csproj", "{886DE137-76D4-49D0-BF04-6FA745F5FD90}"
EndProject
Global
	GlobalSection(SolutionConfigurationPlatforms) = preSolution
		Debug|Any CPU = Debug|Any CPU
		Release|Any CPU = Release|Any CPU
	EndGlobalSection
	GlobalSection(ProjectConfigurationPlatforms) = postSolution
		{886DE137-76D4-49D0-BF04-6FA745F5FD90}.Debug|Any CPU.ActiveCfg = Debug|Any CPU
		{886DE137-76D4-49D0-BF04-6FA745F5FD90}.Debug|Any CPU.Build.0 = Debug|Any CPU
		{886DE137-76D4-49D0-BF04-6FA745F5FD90}.Release|Any CPU.ActiveCfg = Release|Any CPU
		{886DE137-76D4-49D0-BF04-6FA745F5FD90}.Release|Any CPU.Build.0 = Release|Any CPU
	EndGlobalSection
	GlobalSection(SolutionProperties) = preSolution
		HideSolutionNode = FALSE
	EndGlobalSection
	GlobalSection(ExtensibilityGlobals) = postSolution
		SolutionGuid = {40530C24-95A7-45A9-BF22-3E027AB0E843}
	EndGlobalSection
EndGlobal
